[[package]]
name = "art"
version = "5.5"
description = "ASCII Art Library For Python"
category = "main"
optional = false
python-versions = ">=2.7"

[package.extras]
dev = ["coverage (>=4.1)", "codecov (>=2.0.15)", "vulture (>=1.0)", "bandit (>=1.5.1)", "pydocstyle (>=3.0.0)"]

[[package]]
name = "termcolor"
version = "1.1.0"
description = "ANSII Color formatting for output in terminal."
category = "main"
optional = false
python-versions = "*"

[metadata]
lock-version = "1.1"
python-versions = "^3.8"
content-hash = "051aaecb7e6802ab52fed67c071eb4aad31e3dd72d058e6665b8717e12512dcb"

[metadata.files]
art = [
    {file = "art-5.5-py2.py3-none-any.whl", hash = "sha256:cd1bbc33f4d3f3b241244726496fac4899e6f0d8bf743f0129c7588d25325eb8"},
    {file = "art-5.5.tar.gz", hash = "sha256:9a0f3b44dccdcffab7811061eba1914378f75a33e7c535dcc37cc9d000642640"},
]
termcolor = [
    {file = "termcolor-1.1.0.tar.gz", hash = "sha256:1d6d69ce66211143803fbc56652b41d73b4a400a2891d7bf7a1cdf4c02de613b"},
]
